
Microsoft Visual Studio Solution File, Format Version 12.00
# Visual Studio Version 17
VisualStudioVersion = 17.2.32519.379
MinimumVisualStudioVersion = 10.0.40219.1
Project("{9A19103F-16F7-4668-BE54-9A1E7A4F7556}") = "WeatherAPI", "WeatherAPI\WeatherAPI.csproj", "{13318CF2-F407-472A-AB2F-F0C2C1A871B7}"
EndProject
Project("{E53339B2-1760-4266-BCC7-CA923CBCF16C}") = "docker-compose", "docker-compose.dcproj", "{104A1BF1-EB85-469A-B2B2-837F16351904}"
EndProject
Global
	GlobalSection(SolutionConfigurationPlatforms) = preSolution
		Debug|Any CPU = Debug|Any CPU
		Release|Any CPU = Release|Any CPU
	EndGlobalSection
	GlobalSection(ProjectConfigurationPlatforms) = postSolution
		{13318CF2-F407-472A-AB2F-F0C2C1A871B7}.Debug|Any CPU.ActiveCfg = Debug|Any CPU
		{13318CF2-F407-472A-AB2F-F0C2C1A871B7}.Debug|Any CPU.Build.0 = Debug|Any CPU
		{13318CF2-F407-472A-AB2F-F0C2C1A871B7}.Release|Any CPU.ActiveCfg = Release|Any CPU
		{13318CF2-F407-472A-AB2F-F0C2C1A871B7}.Release|Any CPU.Build.0 = Release|Any CPU
		{104A1BF1-EB85-469A-B2B2-837F16351904}.Debug|Any CPU.ActiveCfg = Debug|Any CPU
		{104A1BF1-EB85-469A-B2B2-837F16351904}.Debug|Any CPU.Build.0 = Debug|Any CPU
		{104A1BF1-EB85-469A-B2B2-837F16351904}.Release|Any CPU.ActiveCfg = Release|Any CPU
		{104A1BF1-EB85-469A-B2B2-837F16351904}.Release|Any CPU.Build.0 = Release|Any CPU
	EndGlobalSection
	GlobalSection(SolutionProperties) = preSolution
		HideSolutionNode = FALSE
	EndGlobalSection
	GlobalSection(ExtensibilityGlobals) = postSolution
		SolutionGuid = {A6482535-FF6C-4336-8771-900DB6CCC259}
	EndGlobalSection
EndGlobal
